// !$*UTF8*$!
{
	archiveVersion = 1;
	classes = {
	};
	objectVersion = 56;
	objects = {

/* Begin PBXBuildFile section */
		3DA22C242B7A2BCA00A23930 /* AirbnbApp.swift in Sources */ = {isa = PBXBuildFile; fileRef = 3DA22C232B7A2BCA00A23930 /* AirbnbApp.swift */; };
		3DA22C262B7A2BCA00A23930 /* ContentView.swift in Sources */ = {isa = PBXBuildFile; fileRef = 3DA22C252B7A2BCA00A23930 /* ContentView.swift */; };
		3DA22C282B7A2BCC00A23930 /* Assets.xcassets in Resources */ = {isa = PBXBuildFile; fileRef = 3DA22C272B7A2BCC00A23930 /* Assets.xcassets */; };
		3DA22C2B2B7A2BCC00A23930 /* Preview Assets.xcassets in Resources */ = {isa = PBXBuildFile; fileRef = 3DA22C2A2B7A2BCC00A23930 /* Preview Assets.xcassets */; };
		3DA22C362B7A2DAA00A23930 /* APIService.swift in Sources */ = {isa = PBXBuildFile; fileRef = 3DA22C352B7A2DAA00A23930 /* APIService.swift */; };
		3DA22C382B7A30BF00A23930 /* AirbnbListingsView.swift in Sources */ = {isa = PBXBuildFile; fileRef = 3DA22C372B7A30BF00A23930 /* AirbnbListingsView.swift */; };
		3DA22C3A2B7A314100A23930 /* AirbnbListingCardView.swift in Sources */ = {isa = PBXBuildFile; fileRef = 3DA22C392B7A314100A23930 /* AirbnbListingCardView.swift */; };
		3DA22C3C2B7A318000A23930 /* AirbnbDetailView.swift in Sources */ = {isa = PBXBuildFile; fileRef = 3DA22C3B2B7A318000A23930 /* AirbnbDetailView.swift */; };
		3DA22C3E2B7A31CC00A23930 /* AirbnbListingsResponse.swift in Sources */ = {isa = PBXBuildFile; fileRef = 3DA22C3D2B7A31CC00A23930 /* AirbnbListingsResponse.swift */; };
		3DA22C402B7A31DC00A23930 /* AirbnbListing.swift in Sources */ = {isa = PBXBuildFile; fileRef = 3DA22C3F2B7A31DC00A23930 /* AirbnbListing.swift */; };
		3DA22C422B7A3CAA00A23930 /* AirbnbListingsViewViewModel.swift in Sources */ = {isa = PBXBuildFile; fileRef = 3DA22C412B7A3CAA00A23930 /* AirbnbListingsViewViewModel.swift */; };
/* End PBXBuildFile section */

/* Begin PBXFileReference section */
		3DA22C202B7A2BCA00A23930 /* Airbnb.app */ = {isa = PBXFileReference; explicitFileType = wrapper.application; includeInIndex = 0; path = Airbnb.app; sourceTree = BUILT_PRODUCTS_DIR; };
		3DA22C232B7A2BCA00A23930 /* AirbnbApp.swift */ = {isa = PBXFileReference; lastKnownFileType = sourcecode.swift; path = AirbnbApp.swift; sourceTree = "<group>"; };
		3DA22C252B7A2BCA00A23930 /* ContentView.swift */ = {isa = PBXFileReference; lastKnownFileType = sourcecode.swift; path = ContentView.swift; sourceTree = "<group>"; };
		3DA22C272B7A2BCC00A23930 /* Assets.xcassets */ = {isa = PBXFileReference; lastKnownFileType = folder.assetcatalog; path = Assets.xcassets; sourceTree = "<group>"; };
		3DA22C2A2B7A2BCC00A23930 /* Preview Assets.xcassets */ = {isa = PBXFileReference; lastKnownFileType = folder.assetcatalog; path = "Preview Assets.xcassets"; sourceTree = "<group>"; };
		3DA22C352B7A2DAA00A23930 /* APIService.swift */ = {isa = PBXFileReference; lastKnownFileType = sourcecode.swift; path = APIService.swift; sourceTree = "<group>"; };
		3DA22C372B7A30BF00A23930 /* AirbnbListingsView.swift */ = {isa = PBXFileReference; lastKnownFileType = sourcecode.swift; path = AirbnbListingsView.swift; sourceTree = "<group>"; };
		3DA22C392B7A314100A23930 /* AirbnbListingCardView.swift */ = {isa = PBXFileReference; lastKnownFileType = sourcecode.swift; path = AirbnbListingCardView.swift; sourceTree = "<group>"; };
		3DA22C3B2B7A318000A23930 /* AirbnbDetailView.swift */ = {isa = PBXFileReference; lastKnownFileType = sourcecode.swift; path = AirbnbDetailView.swift; sourceTree = "<group>"; };
		3DA22C3D2B7A31CC00A23930 /* AirbnbListingsResponse.swift */ = {isa = PBXFileReference; lastKnownFileType = sourcecode.swift; path = AirbnbListingsResponse.swift; sourceTree = "<group>"; };
		3DA22C3F2B7A31DC00A23930 /* AirbnbListing.swift */ = {isa = PBXFileReference; lastKnownFileType = sourcecode.swift; path = AirbnbListing.swift; sourceTree = "<group>"; };
		3DA22C412B7A3CAA00A23930 /* AirbnbListingsViewViewModel.swift */ = {isa = PBXFileReference; lastKnownFileType = sourcecode.swift; path = AirbnbListingsViewViewModel.swift; sourceTree = "<group>"; };
/* End PBXFileReference section */

/* Begin PBXFrameworksBuildPhase section */
		3DA22C1D2B7A2BCA00A23930 /* Frameworks */ = {
			isa = PBXFrameworksBuildPhase;
			buildActionMask = 2147483647;
			files = (
			);
			runOnlyForDeploymentPostprocessing = 0;
		};
/* End PBXFrameworksBuildPhase section */

/* Begin PBXGroup section */
		3DA22C172B7A2BCA00A23930 = {
			isa = PBXGroup;
			children = (
				3DA22C222B7A2BCA00A23930 /* Airbnb */,
				3DA22C212B7A2BCA00A23930 /* Products */,
			);
			sourceTree = "<group>";
		};
		3DA22C212B7A2BCA00A23930 /* Products */ = {
			isa = PBXGroup;
			children = (
				3DA22C202B7A2BCA00A23930 /* Airbnb.app */,
			);
			name = Products;
			sourceTree = "<group>";
		};
		3DA22C222B7A2BCA00A23930 /* Airbnb */ = {
			isa = PBXGroup;
			children = (
				3DA22C342B7A2D9700A23930 /* Services */,
				3DA22C332B7A2D8500A23930 /* ViewModels */,
				3DA22C322B7A2D8000A23930 /* Models */,
				3DA22C312B7A2D7900A23930 /* Views */,
				3DA22C232B7A2BCA00A23930 /* AirbnbApp.swift */,
				3DA22C272B7A2BCC00A23930 /* Assets.xcassets */,
				3DA22C292B7A2BCC00A23930 /* Preview Content */,
			);
			path = Airbnb;
			sourceTree = "<group>";
		};
		3DA22C292B7A2BCC00A23930 /* Preview Content */ = {
			isa = PBXGroup;
			children = (
				3DA22C2A2B7A2BCC00A23930 /* Preview Assets.xcassets */,
			);
			path = "Preview Content";
			sourceTree = "<group>";
		};
		3DA22C312B7A2D7900A23930 /* Views */ = {
			isa = PBXGroup;
			children = (
				3DA22C252B7A2BCA00A23930 /* ContentView.swift */,
				3DA22C372B7A30BF00A23930 /* AirbnbListingsView.swift */,
				3DA22C392B7A314100A23930 /* AirbnbListingCardView.swift */,
				3DA22C3B2B7A318000A23930 /* AirbnbDetailView.swift */,
			);
			path = Views;
			sourceTree = "<group>";
		};
		3DA22C322B7A2D8000A23930 /* Models */ = {
			isa = PBXGroup;
			children = (
				3DA22C3D2B7A31CC00A23930 /* AirbnbListingsResponse.swift */,
				3DA22C3F2B7A31DC00A23930 /* AirbnbListing.swift */,
			);
			path = Models;
			sourceTree = "<group>";
		};
		3DA22C332B7A2D8500A23930 /* ViewModels */ = {
			isa = PBXGroup;
			children = (
				3DA22C412B7A3CAA00A23930 /* AirbnbListingsViewViewModel.swift */,
			);
			path = ViewModels;
			sourceTree = "<group>";
		};
		3DA22C342B7A2D9700A23930 /* Services */ = {
			isa = PBXGroup;
			children = (
				3DA22C352B7A2DAA00A23930 /* APIService.swift */,
			);
			path = Services;
			sourceTree = "<group>";
		};
/* End PBXGroup section */

/* Begin PBXNativeTarget section */
		3DA22C1F2B7A2BCA00A23930 /* Airbnb */ = {
			isa = PBXNativeTarget;
			buildConfigurationList = 3DA22C2E2B7A2BCC00A23930 /* Build configuration list for PBXNativeTarget "Airbnb" */;
			buildPhases = (
				3DA22C1C2B7A2BCA00A23930 /* Sources */,
				3DA22C1D2B7A2BCA00A23930 /* Frameworks */,
				3DA22C1E2B7A2BCA00A23930 /* Resources */,
			);
			buildRules = (
			);
			dependencies = (
			);
			name = Airbnb;
			productName = Airbnb;
			productReference = 3DA22C202B7A2BCA00A23930 /* Airbnb.app */;
			productType = "com.apple.product-type.application";
		};
/* End PBXNativeTarget section */

/* Begin PBXProject section */
		3DA22C182B7A2BCA00A23930 /* Project object */ = {
			isa = PBXProject;
			attributes = {
				BuildIndependentTargetsInParallel = 1;
				LastSwiftUpdateCheck = 1430;
				LastUpgradeCheck = 1430;
				TargetAttributes = {
					3DA22C1F2B7A2BCA00A23930 = {
						CreatedOnToolsVersion = 14.3.1;
					};
				};
			};
			buildConfigurationList = 3DA22C1B2B7A2BCA00A23930 /* Build configuration list for PBXProject "Airbnb" */;
			compatibilityVersion = "Xcode 14.0";
			developmentRegion = en;
			hasScannedForEncodings = 0;
			knownRegions = (
				en,
				Base,
			);
			mainGroup = 3DA22C172B7A2BCA00A23930;
			productRefGroup = 3DA22C212B7A2BCA00A23930 /* Products */;
			projectDirPath = "";
			projectRoot = "";
			targets = (
				3DA22C1F2B7A2BCA00A23930 /* Airbnb */,
			);
		};
/* End PBXProject section */

/* Begin PBXResourcesBuildPhase section */
		3DA22C1E2B7A2BCA00A23930 /* Resources */ = {
			isa = PBXResourcesBuildPhase;
			buildActionMask = 2147483647;
			files = (
				3DA22C2B2B7A2BCC00A23930 /* Preview Assets.xcassets in Resources */,
				3DA22C282B7A2BCC00A23930 /* Assets.xcassets in Resources */,
			);
			runOnlyForDeploymentPostprocessing = 0;
		};
/* End PBXResourcesBuildPhase section */

/* Begin PBXSourcesBuildPhase section */
		3DA22C1C2B7A2BCA00A23930 /* Sources */ = {
			isa = PBXSourcesBuildPhase;
			buildActionMask = 2147483647;
			files = (
				3DA22C3E2B7A31CC00A23930 /* AirbnbListingsResponse.swift in Sources */,
				3DA22C262B7A2BCA00A23930 /* ContentView.swift in Sources */,
				3DA22C3C2B7A318000A23930 /* AirbnbDetailView.swift in Sources */,
				3DA22C382B7A30BF00A23930 /* AirbnbListingsView.swift in Sources */,
				3DA22C3A2B7A314100A23930 /* AirbnbListingCardView.swift in Sources */,
				3DA22C422B7A3CAA00A23930 /* AirbnbListingsViewViewModel.swift in Sources */,
				3DA22C362B7A2DAA00A23930 /* APIService.swift in Sources */,
				3DA22C402B7A31DC00A23930 /* AirbnbListing.swift in Sources */,
				3DA22C242B7A2BCA00A23930 /* AirbnbApp.swift in Sources */,
			);
			runOnlyForDeploymentPostprocessing = 0;
		};
/* End PBXSourcesBuildPhase section */

/* Begin XCBuildConfiguration section */
		3DA22C2C2B7A2BCC00A23930 /* Debug */ = {
			isa = XCBuildConfiguration;
			buildSettings = {
				ALWAYS_SEARCH_USER_PATHS = NO;
				CLANG_ANALYZER_NONNULL = YES;
				CLANG_ANALYZER_NUMBER_OBJECT_CONVERSION = YES_AGGRESSIVE;
				CLANG_CXX_LANGUAGE_STANDARD = "gnu++20";
				CLANG_ENABLE_MODULES = YES;
				CLANG_ENABLE_OBJC_ARC = YES;
				CLANG_ENABLE_OBJC_WEAK = YES;
				CLANG_WARN_BLOCK_CAPTURE_AUTORELEASING = YES;
				CLANG_WARN_BOOL_CONVERSION = YES;
				CLANG_WARN_COMMA = YES;
				CLANG_WARN_CONSTANT_CONVERSION = YES;
				CLANG_WARN_DEPRECATED_OBJC_IMPLEMENTATIONS = YES;
				CLANG_WARN_DIRECT_OBJC_ISA_USAGE = YES_ERROR;
				CLANG_WARN_DOCUMENTATION_COMMENTS = YES;
				CLANG_WARN_EMPTY_BODY = YES;
				CLANG_WARN_ENUM_CONVERSION = YES;
				CLANG_WARN_INFINITE_RECURSION = YES;
				CLANG_WARN_INT_CONVERSION = YES;
				CLANG_WARN_NON_LITERAL_NULL_CONVERSION = YES;
				CLANG_WARN_OBJC_IMPLICIT_RETAIN_SELF = YES;
				CLANG_WARN_OBJC_LITERAL_CONVERSION = YES;
				CLANG_WARN_OBJC_ROOT_CLASS = YES_ERROR;
				CLANG_WARN_QUOTED_INCLUDE_IN_FRAMEWORK_HEADER = YES;
				CLANG_WARN_RANGE_LOOP_ANALYSIS = YES;
				CLANG_WARN_STRICT_PROTOTYPES = YES;
				CLANG_WARN_SUSPICIOUS_MOVE = YES;
				CLANG_WARN_UNGUARDED_AVAILABILITY = YES_AGGRESSIVE;
				CLANG_WARN_UNREACHABLE_CODE = YES;
				CLANG_WARN__DUPLICATE_METHOD_MATCH = YES;
				COPY_PHASE_STRIP = NO;
				DEBUG_INFORMATION_FORMAT = dwarf;
				ENABLE_STRICT_OBJC_MSGSEND = YES;
				ENABLE_TESTABILITY = YES;
				GCC_C_LANGUAGE_STANDARD = gnu11;
				GCC_DYNAMIC_NO_PIC = NO;
				GCC_NO_COMMON_BLOCKS = YES;
				GCC_OPTIMIZATION_LEVEL = 0;
				GCC_PREPROCESSOR_DEFINITIONS = (
					"DEBUG=1",
					"$(inherited)",
				);
				GCC_WARN_64_TO_32_BIT_CONVERSION = YES;
				GCC_WARN_ABOUT_RETURN_TYPE = YES_ERROR;
				GCC_WARN_UNDECLARED_SELECTOR = YES;
				GCC_WARN_UNINITIALIZED_AUTOS = YES_AGGRESSIVE;
				GCC_WARN_UNUSED_FUNCTION = YES;
				GCC_WARN_UNUSED_VARIABLE = YES;
				IPHONEOS_DEPLOYMENT_TARGET = 16.4;
				MTL_ENABLE_DEBUG_INFO = INCLUDE_SOURCE;
				MTL_FAST_MATH = YES;
				ONLY_ACTIVE_ARCH = YES;
				SDKROOT = iphoneos;
				SWIFT_ACTIVE_COMPILATION_CONDITIONS = DEBUG;
				SWIFT_OPTIMIZATION_LEVEL = "-Onone";
			};
			name = Debug;
		};
		3DA22C2D2B7A2BCC00A23930 /* Release */ = {
			isa = XCBuildConfiguration;
			buildSettings = {
				ALWAYS_SEARCH_USER_PATHS = NO;
				CLANG_ANALYZER_NONNULL = YES;
				CLANG_ANALYZER_NUMBER_OBJECT_CONVERSION = YES_AGGRESSIVE;
				CLANG_CXX_LANGUAGE_STANDARD = "gnu++20";
				CLANG_ENABLE_MODULES = YES;
				CLANG_ENABLE_OBJC_ARC = YES;
				CLANG_ENABLE_OBJC_WEAK = YES;
				CLANG_WARN_BLOCK_CAPTURE_AUTORELEASING = YES;
				CLANG_WARN_BOOL_CONVERSION = YES;
				CLANG_WARN_COMMA = YES;
				CLANG_WARN_CONSTANT_CONVERSION = YES;
				CLANG_WARN_DEPRECATED_OBJC_IMPLEMENTATIONS = YES;
				CLANG_WARN_DIRECT_OBJC_ISA_USAGE = YES_ERROR;
				CLANG_WARN_DOCUMENTATION_COMMENTS = YES;
				CLANG_WARN_EMPTY_BODY = YES;
				CLANG_WARN_ENUM_CONVERSION = YES;
				CLANG_WARN_INFINITE_RECURSION = YES;
				CLANG_WARN_INT_CONVERSION = YES;
				CLANG_WARN_NON_LITERAL_NULL_CONVERSION = YES;
				CLANG_WARN_OBJC_IMPLICIT_RETAIN_SELF = YES;
				CLANG_WARN_OBJC_LITERAL_CONVERSION = YES;
				CLANG_WARN_OBJC_ROOT_CLASS = YES_ERROR;
				CLANG_WARN_QUOTED_INCLUDE_IN_FRAMEWORK_HEADER = YES;
				CLANG_WARN_RANGE_LOOP_ANALYSIS = YES;
				CLANG_WARN_STRICT_PROTOTYPES = YES;
				CLANG_WARN_SUSPICIOUS_MOVE = YES;
				CLANG_WARN_UNGUARDED_AVAILABILITY = YES_AGGRESSIVE;
				CLANG_WARN_UNREACHABLE_CODE = YES;
				CLANG_WARN__DUPLICATE_METHOD_MATCH = YES;
				COPY_PHASE_STRIP = NO;
				DEBUG_INFORMATION_FORMAT = "dwarf-with-dsym";
				ENABLE_NS_ASSERTIONS = NO;
				ENABLE_STRICT_OBJC_MSGSEND = YES;
				GCC_C_LANGUAGE_STANDARD = gnu11;
				GCC_NO_COMMON_BLOCKS = YES;
				GCC_WARN_64_TO_32_BIT_CONVERSION = YES;
				GCC_WARN_ABOUT_RETURN_TYPE = YES_ERROR;
				GCC_WARN_UNDECLARED_SELECTOR = YES;
				GCC_WARN_UNINITIALIZED_AUTOS = YES_AGGRESSIVE;
				GCC_WARN_UNUSED_FUNCTION = YES;
				GCC_WARN_UNUSED_VARIABLE = YES;
				IPHONEOS_DEPLOYMENT_TARGET = 16.4;
				MTL_ENABLE_DEBUG_INFO = NO;
				MTL_FAST_MATH = YES;
				SDKROOT = iphoneos;
				SWIFT_COMPILATION_MODE = wholemodule;
				SWIFT_OPTIMIZATION_LEVEL = "-O";
				VALIDATE_PRODUCT = YES;
			};
			name = Release;
		};
		3DA22C2F2B7A2BCC00A23930 /* Debug */ = {
			isa = XCBuildConfiguration;
			buildSettings = {
				ASSETCATALOG_COMPILER_APPICON_NAME = AppIcon;
				ASSETCATALOG_COMPILER_GLOBAL_ACCENT_COLOR_NAME = AccentColor;
				CODE_SIGN_STYLE = Automatic;
				CURRENT_PROJECT_VERSION = 1;
				DEVELOPMENT_ASSET_PATHS = "\"Airbnb/Preview Content\"";
				DEVELOPMENT_TEAM = VJFD5DRS6S;
				ENABLE_PREVIEWS = YES;
				GENERATE_INFOPLIST_FILE = YES;
				INFOPLIST_KEY_UIApplicationSceneManifest_Generation = YES;
				INFOPLIST_KEY_UIApplicationSupportsIndirectInputEvents = YES;
				INFOPLIST_KEY_UILaunchScreen_Generation = YES;
				INFOPLIST_KEY_UISupportedInterfaceOrientations_iPad = "UIInterfaceOrientationPortrait UIInterfaceOrientationPortraitUpsideDown UIInterfaceOrientationLandscapeLeft UIInterfaceOrientationLandscapeRight";
				INFOPLIST_KEY_UISupportedInterfaceOrientations_iPhone = "UIInterfaceOrientationPortrait UIInterfaceOrientationLandscapeLeft UIInterfaceOrientationLandscapeRight";
				LD_RUNPATH_SEARCH_PATHS = (
					"$(inherited)",
					"@executable_path/Frameworks",
				);
				MARKETING_VERSION = 1.0;
				PRODUCT_BUNDLE_IDENTIFIER = com.seattle.Airbnb;
				PRODUCT_NAME = "$(TARGET_NAME)";
				SWIFT_EMIT_LOC_STRINGS = YES;
				SWIFT_VERSION = 5.0;
				TARGETED_DEVICE_FAMILY = "1,2";
			};
			name = Debug;
		};
		3DA22C302B7A2BCC00A23930 /* Release */ = {
			isa = XCBuildConfiguration;
			buildSettings = {
				ASSETCATALOG_COMPILER_APPICON_NAME = AppIcon;
				ASSETCATALOG_COMPILER_GLOBAL_ACCENT_COLOR_NAME = AccentColor;
				CODE_SIGN_STYLE = Automatic;
				CURRENT_PROJECT_VERSION = 1;
				DEVELOPMENT_ASSET_PATHS = "\"Airbnb/Preview Content\"";
				DEVELOPMENT_TEAM = VJFD5DRS6S;
				ENABLE_PREVIEWS = YES;
				GENERATE_INFOPLIST_FILE = YES;
				INFOPLIST_KEY_UIApplicationSceneManifest_Generation = YES;
				INFOPLIST_KEY_UIApplicationSupportsIndirectInputEvents = YES;
				INFOPLIST_KEY_UILaunchScreen_Generation = YES;
				INFOPLIST_KEY_UISupportedInterfaceOrientations_iPad = "UIInterfaceOrientationPortrait UIInterfaceOrientationPortraitUpsideDown UIInterfaceOrientationLandscapeLeft UIInterfaceOrientationLandscapeRight";
				INFOPLIST_KEY_UISupportedInterfaceOrientations_iPhone = "UIInterfaceOrientationPortrait UIInterfaceOrientationLandscapeLeft UIInterfaceOrientationLandscapeRight";
				LD_RUNPATH_SEARCH_PATHS = (
					"$(inherited)",
					"@executable_path/Frameworks",
				);
				MARKETING_VERSION = 1.0;
				PRODUCT_BUNDLE_IDENTIFIER = com.seattle.Airbnb;
				PRODUCT_NAME = "$(TARGET_NAME)";
				SWIFT_EMIT_LOC_STRINGS = YES;
				SWIFT_VERSION = 5.0;
				TARGETED_DEVICE_FAMILY = "1,2";
			};
			name = Release;
		};
/* End XCBuildConfiguration section */

/* Begin XCConfigurationList section */
		3DA22C1B2B7A2BCA00A23930 /* Build configuration list for PBXProject "Airbnb" */ = {
			isa = XCConfigurationList;
			buildConfigurations = (
				3DA22C2C2B7A2BCC00A23930 /* Debug */,
				3DA22C2D2B7A2BCC00A23930 /* Release */,
			);
			defaultConfigurationIsVisible = 0;
			defaultConfigurationName = Release;
		};
		3DA22C2E2B7A2BCC00A23930 /* Build configuration list for PBXNativeTarget "Airbnb" */ = {
			isa = XCConfigurationList;
			buildConfigurations = (
				3DA22C2F2B7A2BCC00A23930 /* Debug */,
				3DA22C302B7A2BCC00A23930 /* Release */,
			);
			defaultConfigurationIsVisible = 0;
			defaultConfigurationName = Release;
		};
/* End XCConfigurationList section */
	};
	rootObject = 3DA22C182B7A2BCA00A23930 /* Project object */;
}
